
Microsoft Visual Studio Solution File, Format Version 12.00
# Visual Studio Version 16
VisualStudioVersion = 16.0.34301.259
MinimumVisualStudioVersion = 10.0.40219.1
Project("{8BC9CEB8-8B4A-11D0-8D11-00A0C91BC942}") = "polyhedron", "polyhedron\polyhedron.vcxproj", "{AD69B2B3-D1DF-4D46-A1AE-E19540200113}"
EndProject
Project("{8BC9CEB8-8B4A-11D0-8D11-00A0C91BC942}") = "walking", "walking\walking.vcxproj", "{689EF1FC-1AA2-426D-AEE1-2E03B914DE8D}"
EndProject
Global
	GlobalSection(SolutionConfigurationPlatforms) = preSolution
		Debug|x64 = Debug|x64
		Debug|x86 = Debug|x86
		Release|x64 = Release|x64
		Release|x86 = Release|x86
	EndGlobalSection
	GlobalSection(ProjectConfigurationPlatforms) = postSolution
		{AD69B2B3-D1DF-4D46-A1AE-E19540200113}.Debug|x64.ActiveCfg = Debug|x64
		{AD69B2B3-D1DF-4D46-A1AE-E19540200113}.Debug|x64.Build.0 = Debug|x64
		{AD69B2B3-D1DF-4D46-A1AE-E19540200113}.Debug|x86.ActiveCfg = Debug|Win32
		{AD69B2B3-D1DF-4D46-A1AE-E19540200113}.Debug|x86.Build.0 = Debug|Win32
		{AD69B2B3-D1DF-4D46-A1AE-E19540200113}.Release|x64.ActiveCfg = Release|x64
		{AD69B2B3-D1DF-4D46-A1AE-E19540200113}.Release|x64.Build.0 = Release|x64
		{AD69B2B3-D1DF-4D46-A1AE-E19540200113}.Release|x86.ActiveCfg = Release|Win32
		{AD69B2B3-D1DF-4D46-A1AE-E19540200113}.Release|x86.Build.0 = Release|Win32
		{689EF1FC-1AA2-426D-AEE1-2E03B914DE8D}.Debug|x64.ActiveCfg = Debug|x64
		{689EF1FC-1AA2-426D-AEE1-2E03B914DE8D}.Debug|x64.Build.0 = Debug|x64
		{689EF1FC-1AA2-426D-AEE1-2E03B914DE8D}.Debug|x86.ActiveCfg = Debug|Win32
		{689EF1FC-1AA2-426D-AEE1-2E03B914DE8D}.Debug|x86.Build.0 = Debug|Win32
		{689EF1FC-1AA2-426D-AEE1-2E03B914DE8D}.Release|x64.ActiveCfg = Release|x64
		{689EF1FC-1AA2-426D-AEE1-2E03B914DE8D}.Release|x64.Build.0 = Release|x64
		{689EF1FC-1AA2-426D-AEE1-2E03B914DE8D}.Release|x86.ActiveCfg = Release|Win32
		{689EF1FC-1AA2-426D-AEE1-2E03B914DE8D}.Release|x86.Build.0 = Release|Win32
	EndGlobalSection
	GlobalSection(SolutionProperties) = preSolution
		HideSolutionNode = FALSE
	EndGlobalSection
	GlobalSection(ExtensibilityGlobals) = postSolution
		SolutionGuid = {41E5C0B1-C80F-416B-9055-B7AEDEC3B14B}
	EndGlobalSection
EndGlobal
